{
  "name": "api",
  "version": "1.0.0",
  "lockfileVersion": 1,
  "requires": true,
  "dependencies": {
    "date-fns": {
      "version": "2.13.0",
      "resolved": "https://registry.npmjs.org/date-fns/-/date-fns-2.13.0.tgz",
      "integrity": "sha512-xm0c61mevGF7f0XpCGtDTGpzEFC/1fpLXHbmFpxZZQJuvByIK2ozm6cSYuU+nxFYOPh2EuCfzUwlTEFwKG+h5w=="
    },
    "drive-db": {
      "version": "6.0.0",
      "resolved": "https://registry.npmjs.org/drive-db/-/drive-db-6.0.0.tgz",
      "integrity": "sha512-DkMtcLcL0O4FCYMLgecXoeNwRKLprCS5dgD2FkXPylt/EakbzPoMoDJSO3qGuN9MqUN22mdF67YOKfcLtZrHLQ=="
    },
    "immer": {
      "version": "6.0.5",
      "resolved": "https://registry.npmjs.org/immer/-/immer-6.0.5.tgz",
      "integrity": "sha512-Q2wd90qrgFieIpLzAO2q9NLEdmyp/sr76Ml4Vm5peUKgyTa2CQa3ey8zuzwSKOlKH7grCeGBGUcLLVCVW1aguA=="
    },
    "moment": {
      "version": "2.30.1",
      "resolved": "https://registry.npmjs.org/moment/-/moment-2.30.1.tgz",
      "integrity": "sha512-uEmtNhbDOrWPFS+hdjFCBfy9f2YoyzRpwcl+DqpC6taX21FzsTLQVbMV/W7PzNSX6x/bhC1zA3c2UQ5NzH6how=="
    },
    "moment-timezone": {
      "version": "0.5.45",
      "resolved": "https://registry.npmjs.org/moment-timezone/-/moment-timezone-0.5.45.tgz",
      "integrity": "sha512-HIWmqA86KcmCAhnMAN0wuDOARV/525R2+lOLotuGFzn4HO+FH+/645z2wx0Dt3iDv6/p61SIvKnDstISainhLQ==",
      "requires": {
        "moment": "^2.29.4"
      }
    },
    "node-fetch": {
      "version": "2.6.0",
      "resolved": "https://registry.npmjs.org/node-fetch/-/node-fetch-2.6.0.tgz",
      "integrity": "sha512-8dG4H5ujfvFiqDmVu9fQ5bOHUC15JMjMY/Zumv26oOvvVJjM67KF8koCWIabKQ1GJIa9r2mMZscBq/TbdOcmNA=="
    }
  }
}
